
Microsoft Visual Studio Solution File, Format Version 12.00
# Visual Studio Version 16
VisualStudioVersion = 16.0.30711.63
MinimumVisualStudioVersion = 10.0.40219.1
Project("{FAE04EC0-301F-11D3-BF4B-00C04F79EFBC}") = "Presentation.UI", "WordOccurrenceCounter\Presentation.UI.csproj", "{A8B3AD87-6117-4B57-9A2C-B7A9B7206831}"
EndProject
Project("{2150E333-8FDC-42A3-9474-1A3956D46DE8}") = "Presentation", "Presentation", "{BD0166E9-9A05-4CEA-A8D0-DF942A6397CB}"
EndProject
Project("{2150E333-8FDC-42A3-9474-1A3956D46DE8}") = "Application", "Application", "{68BFC459-0860-4725-B618-FD614EF1C3F3}"
EndProject
Project("{2150E333-8FDC-42A3-9474-1A3956D46DE8}") = "Infrastructure", "Infrastructure", "{CD0BE893-B3EE-4F61-88AB-9E4C5FEFD369}"
EndProject
Project("{2150E333-8FDC-42A3-9474-1A3956D46DE8}") = "Source", "Source", "{54C6A79E-B0BA-47A8-953E-6CB4F8E3313B}"
EndProject
Project("{2150E333-8FDC-42A3-9474-1A3956D46DE8}") = "Testing", "Testing", "{E9B66FB6-5C8A-4684-8135-9C2F4A90C86E}"
EndProject
Project("{2150E333-8FDC-42A3-9474-1A3956D46DE8}") = "Source", "Source", "{526C7CA5-74FF-49B4-ADA0-DB806818E9DD}"
EndProject
Project("{2150E333-8FDC-42A3-9474-1A3956D46DE8}") = "Testing", "Testing", "{8509698A-D21E-4820-BDD4-418D3C37A15B}"
EndProject
Project("{2150E333-8FDC-42A3-9474-1A3956D46DE8}") = "Source", "Source", "{C5B211BA-6CA1-4FE5-9900-09B46E8DADF8}"
EndProject
Project("{2150E333-8FDC-42A3-9474-1A3956D46DE8}") = "Testing", "Testing", "{6F0AB2BA-1ED0-495C-81E8-CA33A4FBB75C}"
EndProject
Project("{FAE04EC0-301F-11D3-BF4B-00C04F79EFBC}") = "Application.Services", "Application.Services\Application.Services.csproj", "{E57F3590-8C3C-4DF0-A062-2CC0D1B94A4C}"
EndProject
Project("{FAE04EC0-301F-11D3-BF4B-00C04F79EFBC}") = "Application.Testing", "Application.Testing\Application.Testing.csproj", "{BBAF4E5C-FFC1-43AC-8E7A-A17C4B6B3DAD}"
EndProject
Project("{FAE04EC0-301F-11D3-BF4B-00C04F79EFBC}") = "Infrastructure.Services", "Infrastructure.Services\Infrastructure.Services.csproj", "{DB531D30-DAFB-427F-8CFF-AA13022CFD20}"
EndProject
Project("{FAE04EC0-301F-11D3-BF4B-00C04F79EFBC}") = "Infrastructure.Testing", "Infrastructure.Testing\Infrastructure.Testing.csproj", "{98C1D928-8630-4A79-8A45-ED4E7CEB4F4B}"
EndProject
Project("{FAE04EC0-301F-11D3-BF4B-00C04F79EFBC}") = "Presentation.Testing", "Presentation.Testing\Presentation.Testing.csproj", "{48AD04CD-107E-4FC6-86DF-6B1E291427E6}"
EndProject
Project("{2150E333-8FDC-42A3-9474-1A3956D46DE8}") = "Services", "Services", "{76DDAAEC-7ED8-43F2-88B9-9C108027415A}"
EndProject
Global
	GlobalSection(SolutionConfigurationPlatforms) = preSolution
		Debug|Any CPU = Debug|Any CPU
		Release|Any CPU = Release|Any CPU
	EndGlobalSection
	GlobalSection(ProjectConfigurationPlatforms) = postSolution
		{A8B3AD87-6117-4B57-9A2C-B7A9B7206831}.Debug|Any CPU.ActiveCfg = Debug|Any CPU
		{A8B3AD87-6117-4B57-9A2C-B7A9B7206831}.Debug|Any CPU.Build.0 = Debug|Any CPU
		{A8B3AD87-6117-4B57-9A2C-B7A9B7206831}.Release|Any CPU.ActiveCfg = Release|Any CPU
		{A8B3AD87-6117-4B57-9A2C-B7A9B7206831}.Release|Any CPU.Build.0 = Release|Any CPU
		{E57F3590-8C3C-4DF0-A062-2CC0D1B94A4C}.Debug|Any CPU.ActiveCfg = Debug|Any CPU
		{E57F3590-8C3C-4DF0-A062-2CC0D1B94A4C}.Debug|Any CPU.Build.0 = Debug|Any CPU
		{E57F3590-8C3C-4DF0-A062-2CC0D1B94A4C}.Release|Any CPU.ActiveCfg = Release|Any CPU
		{E57F3590-8C3C-4DF0-A062-2CC0D1B94A4C}.Release|Any CPU.Build.0 = Release|Any CPU
		{BBAF4E5C-FFC1-43AC-8E7A-A17C4B6B3DAD}.Debug|Any CPU.ActiveCfg = Debug|Any CPU
		{BBAF4E5C-FFC1-43AC-8E7A-A17C4B6B3DAD}.Debug|Any CPU.Build.0 = Debug|Any CPU
		{BBAF4E5C-FFC1-43AC-8E7A-A17C4B6B3DAD}.Release|Any CPU.ActiveCfg = Release|Any CPU
		{BBAF4E5C-FFC1-43AC-8E7A-A17C4B6B3DAD}.Release|Any CPU.Build.0 = Release|Any CPU
		{DB531D30-DAFB-427F-8CFF-AA13022CFD20}.Debug|Any CPU.ActiveCfg = Debug|Any CPU
		{DB531D30-DAFB-427F-8CFF-AA13022CFD20}.Debug|Any CPU.Build.0 = Debug|Any CPU
		{DB531D30-DAFB-427F-8CFF-AA13022CFD20}.Release|Any CPU.ActiveCfg = Release|Any CPU
		{DB531D30-DAFB-427F-8CFF-AA13022CFD20}.Release|Any CPU.Build.0 = Release|Any CPU
		{98C1D928-8630-4A79-8A45-ED4E7CEB4F4B}.Debug|Any CPU.ActiveCfg = Debug|Any CPU
		{98C1D928-8630-4A79-8A45-ED4E7CEB4F4B}.Debug|Any CPU.Build.0 = Debug|Any CPU
		{98C1D928-8630-4A79-8A45-ED4E7CEB4F4B}.Release|Any CPU.ActiveCfg = Release|Any CPU
		{98C1D928-8630-4A79-8A45-ED4E7CEB4F4B}.Release|Any CPU.Build.0 = Release|Any CPU
		{48AD04CD-107E-4FC6-86DF-6B1E291427E6}.Debug|Any CPU.ActiveCfg = Debug|Any CPU
		{48AD04CD-107E-4FC6-86DF-6B1E291427E6}.Debug|Any CPU.Build.0 = Debug|Any CPU
		{48AD04CD-107E-4FC6-86DF-6B1E291427E6}.Release|Any CPU.ActiveCfg = Release|Any CPU
		{48AD04CD-107E-4FC6-86DF-6B1E291427E6}.Release|Any CPU.Build.0 = Release|Any CPU
	EndGlobalSection
	GlobalSection(SolutionProperties) = preSolution
		HideSolutionNode = FALSE
	EndGlobalSection
	GlobalSection(NestedProjects) = preSolution
		{A8B3AD87-6117-4B57-9A2C-B7A9B7206831} = {54C6A79E-B0BA-47A8-953E-6CB4F8E3313B}
		{54C6A79E-B0BA-47A8-953E-6CB4F8E3313B} = {BD0166E9-9A05-4CEA-A8D0-DF942A6397CB}
		{E9B66FB6-5C8A-4684-8135-9C2F4A90C86E} = {BD0166E9-9A05-4CEA-A8D0-DF942A6397CB}
		{526C7CA5-74FF-49B4-ADA0-DB806818E9DD} = {CD0BE893-B3EE-4F61-88AB-9E4C5FEFD369}
		{8509698A-D21E-4820-BDD4-418D3C37A15B} = {CD0BE893-B3EE-4F61-88AB-9E4C5FEFD369}
		{C5B211BA-6CA1-4FE5-9900-09B46E8DADF8} = {68BFC459-0860-4725-B618-FD614EF1C3F3}
		{6F0AB2BA-1ED0-495C-81E8-CA33A4FBB75C} = {68BFC459-0860-4725-B618-FD614EF1C3F3}
		{E57F3590-8C3C-4DF0-A062-2CC0D1B94A4C} = {C5B211BA-6CA1-4FE5-9900-09B46E8DADF8}
		{BBAF4E5C-FFC1-43AC-8E7A-A17C4B6B3DAD} = {6F0AB2BA-1ED0-495C-81E8-CA33A4FBB75C}
		{DB531D30-DAFB-427F-8CFF-AA13022CFD20} = {76DDAAEC-7ED8-43F2-88B9-9C108027415A}
		{98C1D928-8630-4A79-8A45-ED4E7CEB4F4B} = {8509698A-D21E-4820-BDD4-418D3C37A15B}
		{48AD04CD-107E-4FC6-86DF-6B1E291427E6} = {E9B66FB6-5C8A-4684-8135-9C2F4A90C86E}
		{76DDAAEC-7ED8-43F2-88B9-9C108027415A} = {526C7CA5-74FF-49B4-ADA0-DB806818E9DD}
	EndGlobalSection
	GlobalSection(ExtensibilityGlobals) = postSolution
		SolutionGuid = {BB4C42BC-CB62-46E6-A6E0-4FCC232D1192}
	EndGlobalSection
EndGlobal
